<?xml version="1.0" encoding="utf-8"?>
<Project ToolsVersion="4.0" xmlns="http://schemas.microsoft.com/developer/msbuild/2003">
  <ItemGroup>
    <Filter Include="소스 파일">
      <UniqueIdentifier>{4FC737F1-C7A5-4376-A066-2A32D752A2FF}</UniqueIdentifier>
      <Extensions>cpp;c;cc;cxx;c++;cppm;ixx;def;odl;idl;hpj;bat;asm;asmx</Extensions>
    </Filter>
    <Filter Include="헤더 파일">
      <UniqueIdentifier>{93995380-89BD-4b04-88EB-625FBE52EBFB}</UniqueIdentifier>
      <Extensions>h;hh;hpp;hxx;h++;hm;inl;inc;ipp;xsd</Extensions>
    </Filter>
    <Filter Include="리소스 파일">
      <UniqueIdentifier>{67DA6AB6-F800-4c08-8B7A-83BB121AAD01}</UniqueIdentifier>
      <Extensions>rc;ico;cur;bmp;dlg;rc2;rct;bin;rgs;gif;jpg;jpeg;jpe;resx;tiff;tif;png;wav;mfcribbon-ms</Extensions>
    </Filter>
    <Filter Include="99. ETC">
      <UniqueIdentifier>{1f00749d-fc04-452f-8555-89f9d6c30694}</UniqueIdentifier>
    </Filter>
    <Filter Include="00. Main">
      <UniqueIdentifier>{2a7932b1-d9ec-4e64-83dd-d96e8f81d991}</UniqueIdentifier>
    </Filter>
    <Filter Include="01. Graphics">
      <UniqueIdentifier>{0aa83911-1fa1-4769-84ef-01536c8bcac6}</UniqueIdentifier>
    </Filter>
    <Filter Include="01. Graphics\Device">
      <UniqueIdentifier>{2a2d55da-b0f0-49dd-8caf-c07178982f89}</UniqueIdentifier>
    </Filter>
    <Filter Include="02.App">
      <UniqueIdentifier>{b2224a2d-cafe-4ec6-b566-4de7f50daf89}</UniqueIdentifier>
    </Filter>
    <Filter Include="99. ETC\pch">
      <UniqueIdentifier>{95effff6-2a23-4fe2-92b4-5f6cbee843f4}</UniqueIdentifier>
    </Filter>
    <Filter Include="01. Graphics\Render">
      <UniqueIdentifier>{02bded70-ae52-435d-8d4b-4da1c07a428d}</UniqueIdentifier>
    </Filter>
    <Filter Include="98. Utils">
      <UniqueIdentifier>{c41fe42a-6770-4776-99aa-e77269ca6a38}</UniqueIdentifier>
    </Filter>
    <Filter Include="01. Graphics\Shader">
      <UniqueIdentifier>{5354b8c8-218d-4427-a449-3f49bb4a235c}</UniqueIdentifier>
    </Filter>
    <Filter Include="97. ShaderFiles">
      <UniqueIdentifier>{72c939d5-1f84-4d43-af2b-3ac097b37210}</UniqueIdentifier>
    </Filter>
    <Filter Include="97. ShaderFiles\BasicShader">
      <UniqueIdentifier>{ea0b2568-df32-4d08-b331-fe2c562b04d4}</UniqueIdentifier>
    </Filter>
    <Filter Include="03. GameObject">
      <UniqueIdentifier>{0daac1b8-d7a9-4d5b-b83d-1789184214c2}</UniqueIdentifier>
    </Filter>
  </ItemGroup>
  <ItemGroup>
    <ClCompile Include="main.cpp">
      <Filter>00. Main</Filter>
    </ClCompile>
    <ClCompile Include="Device.cpp">
      <Filter>01. Graphics\Device</Filter>
    </ClCompile>
    <ClCompile Include="AppBase.cpp">
      <Filter>02.App</Filter>
    </ClCompile>
    <ClCompile Include="TestApp.cpp">
      <Filter>02.App</Filter>
    </ClCompile>
    <ClCompile Include="pch.cpp">
      <Filter>99. ETC\pch</Filter>
    </ClCompile>
    <ClCompile Include="Renderer.cpp">
      <Filter>01. Graphics\Render</Filter>
    </ClCompile>
    <ClCompile Include="GameTimer.cpp">
      <Filter>98. Utils</Filter>
    </ClCompile>
    <ClCompile Include="Shader.cpp">
      <Filter>01. Graphics\Shader</Filter>
    </ClCompile>
    <ClCompile Include="Camera.cpp">
      <Filter>03. GameObject</Filter>
    </ClCompile>
  </ItemGroup>
  <ItemGroup>
    <ClInclude Include="Device.h">
      <Filter>01. Graphics\Device</Filter>
    </ClInclude>
    <ClInclude Include="AppBase.h">
      <Filter>02.App</Filter>
    </ClInclude>
    <ClInclude Include="TestApp.h">
      <Filter>02.App</Filter>
    </ClInclude>
    <ClInclude Include="pch.h">
      <Filter>99. ETC\pch</Filter>
    </ClInclude>
    <ClInclude Include="struct.h">
      <Filter>99. ETC</Filter>
    </ClInclude>
    <ClInclude Include="enum.h">
      <Filter>99. ETC</Filter>
    </ClInclude>
    <ClInclude Include="Renderer.h">
      <Filter>01. Graphics\Render</Filter>
    </ClInclude>
    <ClInclude Include="GameTimer.h">
      <Filter>98. Utils</Filter>
    </ClInclude>
    <ClInclude Include="Shader.h">
      <Filter>01. Graphics\Shader</Filter>
    </ClInclude>
    <ClInclude Include="helper.h">
      <Filter>98. Utils</Filter>
    </ClInclude>
    <ClInclude Include="Camera.h">
      <Filter>03. GameObject</Filter>
    </ClInclude>
  </ItemGroup>
  <ItemGroup>
    <FxCompile Include="BasicPixelShader.hlsl">
      <Filter>97. ShaderFiles\BasicShader</Filter>
    </FxCompile>
    <FxCompile Include="BasicVertexShader.hlsl">
      <Filter>97. ShaderFiles\BasicShader</Filter>
    </FxCompile>
  </ItemGroup>
</Project>