<?xml version="1.0" encoding="utf-8"?>
<Project ToolsVersion="4.0" xmlns="http://schemas.microsoft.com/developer/msbuild/2003">
  <!-- 필터는 디스크의 폴더 구조를 그대로 따른다.
       Graphics\D3D11 아래에만 d3d11.h를 include하는 파일을 둔다. -->
  <ItemGroup>
    <Filter Include="App">
      <UniqueIdentifier>{b2224a2d-cafe-4ec6-b566-4de7f50daf89}</UniqueIdentifier>
    </Filter>
    <Filter Include="Core">
      <UniqueIdentifier>{c41fe42a-6770-4776-99aa-e77269ca6a38}</UniqueIdentifier>
    </Filter>
    <Filter Include="Graphics">
      <UniqueIdentifier>{0aa83911-1fa1-4769-84ef-01536c8bcac6}</UniqueIdentifier>
    </Filter>
    <Filter Include="Graphics\D3D11">
      <UniqueIdentifier>{2a2d55da-b0f0-49dd-8caf-c07178982f89}</UniqueIdentifier>
    </Filter>
    <Filter Include="Scene">
      <UniqueIdentifier>{0daac1b8-d7a9-4d5b-b83d-1789184214c2}</UniqueIdentifier>
    </Filter>
    <Filter Include="Shaders">
      <UniqueIdentifier>{72c939d5-1f84-4d43-af2b-3ac097b37210}</UniqueIdentifier>
    </Filter>
  </ItemGroup>
  <ItemGroup>
    <ClCompile Include="main.cpp" />
    <ClCompile Include="pch.cpp" />
    <ClCompile Include="App\AppBase.cpp">
      <Filter>App</Filter>
    </ClCompile>
    <ClCompile Include="App\TestApp.cpp">
      <Filter>App</Filter>
    </ClCompile>
    <ClCompile Include="Core\GameTimer.cpp">
      <Filter>Core</Filter>
    </ClCompile>
    <ClCompile Include="Core\Input.cpp">
      <Filter>Core</Filter>
    </ClCompile>
    <ClCompile Include="Core\Log.cpp">
      <Filter>Core</Filter>
    </ClCompile>
    <ClCompile Include="Core\Paths.cpp">
      <Filter>Core</Filter>
    </ClCompile>
    <ClCompile Include="Graphics\D3D11\D3D11Convert.cpp">
      <Filter>Graphics\D3D11</Filter>
    </ClCompile>
    <ClCompile Include="Graphics\D3D11\Device.cpp">
      <Filter>Graphics\D3D11</Filter>
    </ClCompile>
    <ClCompile Include="Graphics\D3D11\PipelineState.cpp">
      <Filter>Graphics\D3D11</Filter>
    </ClCompile>
    <ClCompile Include="Graphics\D3D11\PipelineStateCache.cpp">
      <Filter>Graphics\D3D11</Filter>
    </ClCompile>
    <ClCompile Include="Graphics\D3D11\Shader.cpp">
      <Filter>Graphics\D3D11</Filter>
    </ClCompile>
    <ClCompile Include="Graphics\PipelineTypes.cpp">
      <Filter>Graphics</Filter>
    </ClCompile>
    <ClCompile Include="Graphics\Mesh.cpp">
      <Filter>Graphics</Filter>
    </ClCompile>
    <ClCompile Include="Graphics\MeshRenderer.cpp">
      <Filter>Graphics</Filter>
    </ClCompile>
    <ClCompile Include="Graphics\Renderer.cpp">
      <Filter>Graphics</Filter>
    </ClCompile>
    <ClCompile Include="Scene\Camera.cpp">
      <Filter>Scene</Filter>
    </ClCompile>
    <ClCompile Include="Scene\GameObject.cpp">
      <Filter>Scene</Filter>
    </ClCompile>
    <ClCompile Include="Scene\Transform.cpp">
      <Filter>Scene</Filter>
    </ClCompile>
  </ItemGroup>
  <ItemGroup>
    <ClInclude Include="pch.h" />
    <ClInclude Include="App\AppBase.h">
      <Filter>App</Filter>
    </ClInclude>
    <ClInclude Include="App\TestApp.h">
      <Filter>App</Filter>
    </ClInclude>
    <ClInclude Include="Core\GameTimer.h">
      <Filter>Core</Filter>
    </ClInclude>
    <ClInclude Include="Core\Input.h">
      <Filter>Core</Filter>
    </ClInclude>
    <ClInclude Include="Core\Log.h">
      <Filter>Core</Filter>
    </ClInclude>
    <ClInclude Include="Core\Paths.h">
      <Filter>Core</Filter>
    </ClInclude>
    <ClInclude Include="Graphics\D3D11\D3D11Common.h">
      <Filter>Graphics\D3D11</Filter>
    </ClInclude>
    <ClInclude Include="Graphics\D3D11\D3D11Convert.h">
      <Filter>Graphics\D3D11</Filter>
    </ClInclude>
    <ClInclude Include="Graphics\D3D11\Device.h">
      <Filter>Graphics\D3D11</Filter>
    </ClInclude>
    <ClInclude Include="Graphics\D3D11\PipelineState.h">
      <Filter>Graphics\D3D11</Filter>
    </ClInclude>
    <ClInclude Include="Graphics\D3D11\PipelineStateCache.h">
      <Filter>Graphics\D3D11</Filter>
    </ClInclude>
    <ClInclude Include="Graphics\D3D11\Shader.h">
      <Filter>Graphics\D3D11</Filter>
    </ClInclude>
    <ClInclude Include="Graphics\Handle.h">
      <Filter>Graphics</Filter>
    </ClInclude>
    <ClInclude Include="Graphics\PipelineTypes.h">
      <Filter>Graphics</Filter>
    </ClInclude>
    <ClInclude Include="Graphics\VertexTypes.h">
      <Filter>Graphics</Filter>
    </ClInclude>
    <ClInclude Include="Graphics\enum.h">
      <Filter>Graphics</Filter>
    </ClInclude>
    <ClInclude Include="Graphics\Mesh.h">
      <Filter>Graphics</Filter>
    </ClInclude>
    <ClInclude Include="Graphics\MeshRenderer.h">
      <Filter>Graphics</Filter>
    </ClInclude>
    <ClInclude Include="Graphics\Renderer.h">
      <Filter>Graphics</Filter>
    </ClInclude>
    <ClInclude Include="Graphics\struct.h">
      <Filter>Graphics</Filter>
    </ClInclude>
    <ClInclude Include="Scene\Camera.h">
      <Filter>Scene</Filter>
    </ClInclude>
    <ClInclude Include="Scene\GameObject.h">
      <Filter>Scene</Filter>
    </ClInclude>
    <ClInclude Include="Scene\Transform.h">
      <Filter>Scene</Filter>
    </ClInclude>
  </ItemGroup>
  <ItemGroup>
    <CopyFileToFolders Include="Shaders\BasicVertexShader.hlsl">
      <Filter>Shaders</Filter>
    </CopyFileToFolders>
    <CopyFileToFolders Include="Shaders\BasicPixelShader.hlsl">
      <Filter>Shaders</Filter>
    </CopyFileToFolders>
  </ItemGroup>
</Project>
