<?xml version="1.0" encoding="utf-8"?>
<Project ToolsVersion="4.0" xmlns="http://schemas.microsoft.com/developer/msbuild/2003">
  <!-- 필터는 디스크의 폴더 구조를 그대로 따른다.
       Graphics\D3D11 아래에만 d3d11.h를 include하는 파일을 둔다. -->
  <ItemGroup>
    <Filter Include="App">
      <UniqueIdentifier>{b2224a2d-cafe-4ec6-b566-4de7f50daf89}</UniqueIdentifier>
    </Filter>
    <Filter Include="Core">
      <UniqueIdentifier>{c41fe42a-6770-4776-99aa-e77269ca6a38}</UniqueIdentifier>
    </Filter>
    <Filter Include="Graphics">
      <UniqueIdentifier>{0aa83911-1fa1-4769-84ef-01536c8bcac6}</UniqueIdentifier>
    </Filter>
    <Filter Include="RHI">
      <UniqueIdentifier>{7c1d2e3f-4a5b-4c6d-8e9f-0a1b2c3d4e5f}</UniqueIdentifier>
    </Filter>
    <Filter Include="RHI\D3D12">
      <UniqueIdentifier>{8d2e3f4a-5b6c-4d7e-9f0a-1b2c3d4e5f60}</UniqueIdentifier>
    </Filter>
    <Filter Include="RHI\DXBC">
      <UniqueIdentifier>{9e3f4a5b-6c7d-4e8f-a0b1-2c3d4e5f6071}</UniqueIdentifier>
    </Filter>
    <Filter Include="RHI\D3D11">
      <UniqueIdentifier>{2a2d55da-b0f0-49dd-8caf-c07178982f89}</UniqueIdentifier>
    </Filter>
    <Filter Include="Scene">
      <UniqueIdentifier>{0daac1b8-d7a9-4d5b-b83d-1789184214c2}</UniqueIdentifier>
    </Filter>
    <Filter Include="Shaders">
      <UniqueIdentifier>{72c939d5-1f84-4d43-af2b-3ac097b37210}</UniqueIdentifier>
    </Filter>
    <Filter Include="Assets">
      <UniqueIdentifier>{5a1c2b3d-4e5f-4a6b-9c7d-8e9f0a1b2c3d}</UniqueIdentifier>
    </Filter>
  </ItemGroup>
  <ItemGroup>
    <ClCompile Include="main.cpp" />
    <ClCompile Include="pch.cpp" />
    <ClCompile Include="App\AppBase.cpp">
      <Filter>App</Filter>
    </ClCompile>
    <ClCompile Include="App\DebugUI.cpp">
      <Filter>App</Filter>
    </ClCompile>
    <ClCompile Include="App\Editor.cpp">
      <Filter>App</Filter>
    </ClCompile>
    <ClCompile Include="App\TestApp.cpp">
      <Filter>App</Filter>
    </ClCompile>
    <ClCompile Include="Core\GameTimer.cpp">
      <Filter>Core</Filter>
    </ClCompile>
    <ClCompile Include="Core\Input.cpp">
      <Filter>Core</Filter>
    </ClCompile>
    <ClCompile Include="Core\Log.cpp">
      <Filter>Core</Filter>
    </ClCompile>
    <ClCompile Include="Core\Paths.cpp">
      <Filter>Core</Filter>
    </ClCompile>
    <ClCompile Include="Core\Config.cpp">
      <Filter>Core</Filter>
    </ClCompile>
    <ClCompile Include="Core\Time.cpp">
      <Filter>Core</Filter>
    </ClCompile>
    <ClCompile Include="Core\Profiler.cpp">
      <Filter>Core</Filter>
    </ClCompile>
    <ClCompile Include="Core\AssetManager.cpp">
      <Filter>Core</Filter>
    </ClCompile>
    <ClCompile Include="Core\Engine.cpp">
      <Filter>Core</Filter>
    </ClCompile>
    <ClCompile Include="RHI\D3D11\D3D11Convert.cpp">
      <Filter>RHI\D3D11</Filter>
    </ClCompile>
    <ClCompile Include="RHI\D3D11\D3D11Device.cpp">
      <Filter>RHI\D3D11</Filter>
    </ClCompile>
    <ClCompile Include="RHI\D3D11\PipelineState.cpp">
      <Filter>RHI\D3D11</Filter>
    </ClCompile>
    <ClCompile Include="RHI\D3D11\PipelineStateCache.cpp">
      <Filter>RHI\D3D11</Filter>
    </ClCompile>
    <ClCompile Include="RHI\D3D11\D3D11CommandList.cpp">
      <Filter>RHI\D3D11</Filter>
    </ClCompile>
    <ClCompile Include="RHI\D3D12\D3D12Convert.cpp">
      <Filter>RHI\D3D12</Filter>
    </ClCompile>
    <ClCompile Include="RHI\D3D12\D3D12PipelineState.cpp">
      <Filter>RHI\D3D12</Filter>
    </ClCompile>
    <ClCompile Include="RHI\D3D12\D3D12CommandList.cpp">
      <Filter>RHI\D3D12</Filter>
    </ClCompile>
    <ClCompile Include="RHI\D3D12\D3D12Device.cpp">
      <Filter>RHI\D3D12</Filter>
    </ClCompile>
    <ClCompile Include="RHI\DXBC\ShaderCompiler.cpp">
      <Filter>RHI\DXBC</Filter>
    </ClCompile>
    <ClCompile Include="Graphics\Mesh.cpp">
      <Filter>Graphics</Filter>
    </ClCompile>
    <ClCompile Include="Graphics\Model.cpp">
      <Filter>Graphics</Filter>
    </ClCompile>
    <ClCompile Include="Graphics\Screenshot.cpp">
      <Filter>Graphics</Filter>
    </ClCompile>
    <ClCompile Include="RHI\RHI.cpp">
      <Filter>RHI</Filter>
    </ClCompile>
    <ClCompile Include="RHI\PipelineTypes.cpp">
      <Filter>RHI</Filter>
    </ClCompile>
    <ClCompile Include="Graphics\Renderer.cpp">
      <Filter>Graphics</Filter>
    </ClCompile>
    <ClCompile Include="Graphics\TextureLoader.cpp">
      <Filter>Graphics</Filter>
    </ClCompile>
    <ClCompile Include="Scene\Camera.cpp">
      <Filter>Scene</Filter>
    </ClCompile>
    <ClCompile Include="Scene\GameObject.cpp">
      <Filter>Scene</Filter>
    </ClCompile>
    <ClCompile Include="Scene\Scene.cpp">
      <Filter>Scene</Filter>
    </ClCompile>
    <ClCompile Include="Scene\SceneSerializer.cpp">
      <Filter>Scene</Filter>
    </ClCompile>
    <ClCompile Include="Scene\Transform.cpp">
      <Filter>Scene</Filter>
    </ClCompile>
  </ItemGroup>
  <ItemGroup>
    <ClInclude Include="pch.h" />
    <ClInclude Include="App\AppBase.h">
      <Filter>App</Filter>
    </ClInclude>
    <ClInclude Include="App\DebugUI.h">
      <Filter>App</Filter>
    </ClInclude>
    <ClInclude Include="App\Editor.h">
      <Filter>App</Filter>
    </ClInclude>
    <ClInclude Include="App\TestApp.h">
      <Filter>App</Filter>
    </ClInclude>
    <ClInclude Include="Core\GameTimer.h">
      <Filter>Core</Filter>
    </ClInclude>
    <ClInclude Include="Core\Input.h">
      <Filter>Core</Filter>
    </ClInclude>
    <ClInclude Include="Core\Log.h">
      <Filter>Core</Filter>
    </ClInclude>
    <ClInclude Include="Core\Paths.h">
      <Filter>Core</Filter>
    </ClInclude>
    <ClInclude Include="Core\Config.h">
      <Filter>Core</Filter>
    </ClInclude>
    <ClInclude Include="Core\Time.h">
      <Filter>Core</Filter>
    </ClInclude>
    <ClInclude Include="Core\Profiler.h">
      <Filter>Core</Filter>
    </ClInclude>
    <ClInclude Include="Core\AssetManager.h">
      <Filter>Core</Filter>
    </ClInclude>
    <ClInclude Include="Core\Engine.h">
      <Filter>Core</Filter>
    </ClInclude>
    <ClInclude Include="RHI\D3D11\D3D11Common.h">
      <Filter>RHI\D3D11</Filter>
    </ClInclude>
    <ClInclude Include="RHI\D3D11\D3D11Convert.h">
      <Filter>RHI\D3D11</Filter>
    </ClInclude>
    <ClInclude Include="RHI\D3D11\D3D11Resources.h">
      <Filter>RHI\D3D11</Filter>
    </ClInclude>
    <ClInclude Include="RHI\D3D11\D3D11Device.h">
      <Filter>RHI\D3D11</Filter>
    </ClInclude>
    <ClInclude Include="RHI\D3D11\PipelineState.h">
      <Filter>RHI\D3D11</Filter>
    </ClInclude>
    <ClInclude Include="RHI\D3D11\PipelineStateCache.h">
      <Filter>RHI\D3D11</Filter>
    </ClInclude>
    <ClInclude Include="RHI\D3D11\D3D11CommandList.h">
      <Filter>RHI\D3D11</Filter>
    </ClInclude>
    <ClInclude Include="RHI\D3D12\D3D12Common.h">
      <Filter>RHI\D3D12</Filter>
    </ClInclude>
    <ClInclude Include="RHI\D3D12\D3D12Convert.h">
      <Filter>RHI\D3D12</Filter>
    </ClInclude>
    <ClInclude Include="RHI\D3D12\D3D12DescriptorHeap.h">
      <Filter>RHI\D3D12</Filter>
    </ClInclude>
    <ClInclude Include="RHI\D3D12\D3D12Resources.h">
      <Filter>RHI\D3D12</Filter>
    </ClInclude>
    <ClInclude Include="RHI\D3D12\D3D12PipelineState.h">
      <Filter>RHI\D3D12</Filter>
    </ClInclude>
    <ClInclude Include="RHI\D3D12\D3D12CommandList.h">
      <Filter>RHI\D3D12</Filter>
    </ClInclude>
    <ClInclude Include="RHI\D3D12\D3D12Device.h">
      <Filter>RHI\D3D12</Filter>
    </ClInclude>
    <ClInclude Include="RHI\ResourcePool.h">
      <Filter>RHI</Filter>
    </ClInclude>
    <ClInclude Include="RHI\ShaderCompiler.h">
      <Filter>RHI</Filter>
    </ClInclude>
    <ClInclude Include="RHI\BindingTypes.h">
      <Filter>RHI</Filter>
    </ClInclude>
    <ClInclude Include="RHI\GraphicsConfig.h">
      <Filter>RHI</Filter>
    </ClInclude>
    <ClInclude Include="RHI\Device.h">
      <Filter>RHI</Filter>
    </ClInclude>
    <ClInclude Include="RHI\CommandList.h">
      <Filter>RHI</Filter>
    </ClInclude>
    <ClInclude Include="RHI\RHI.h">
      <Filter>RHI</Filter>
    </ClInclude>
    <ClInclude Include="RHI\Handle.h">
      <Filter>RHI</Filter>
    </ClInclude>
    <ClInclude Include="Graphics\Mesh.h">
      <Filter>Graphics</Filter>
    </ClInclude>
    <ClInclude Include="Graphics\Model.h">
      <Filter>Graphics</Filter>
    </ClInclude>
    <ClInclude Include="Graphics\Screenshot.h">
      <Filter>Graphics</Filter>
    </ClInclude>
    <ClInclude Include="RHI\PipelineTypes.h">
      <Filter>RHI</Filter>
    </ClInclude>
    <ClInclude Include="Graphics\Renderer.h">
      <Filter>Graphics</Filter>
    </ClInclude>
    <ClInclude Include="RHI\RenderPassTypes.h">
      <Filter>RHI</Filter>
    </ClInclude>
    <ClInclude Include="RHI\ResourceDesc.h">
      <Filter>RHI</Filter>
    </ClInclude>
    <ClInclude Include="Graphics\ShaderConstants.h">
      <Filter>Graphics</Filter>
    </ClInclude>
    <ClInclude Include="Graphics\TextureLoader.h">
      <Filter>Graphics</Filter>
    </ClInclude>
    <ClInclude Include="Graphics\VertexTypes.h">
      <Filter>Graphics</Filter>
    </ClInclude>
    <ClInclude Include="Scene\Camera.h">
      <Filter>Scene</Filter>
    </ClInclude>
    <ClInclude Include="Scene\GameObject.h">
      <Filter>Scene</Filter>
    </ClInclude>
    <ClInclude Include="Scene\Light.h">
      <Filter>Scene</Filter>
    </ClInclude>
    <ClInclude Include="Scene\Material.h">
      <Filter>Scene</Filter>
    </ClInclude>
    <ClInclude Include="Scene\Scene.h">
      <Filter>Scene</Filter>
    </ClInclude>
    <ClInclude Include="Scene\SceneSerializer.h">
      <Filter>Scene</Filter>
    </ClInclude>
    <ClInclude Include="Scene\Transform.h">
      <Filter>Scene</Filter>
    </ClInclude>
  </ItemGroup>
  <ItemGroup>
    <FxCompile Include="Shaders\BasicVertexShader.hlsl">
      <Filter>Shaders</Filter>
    </FxCompile>
    <FxCompile Include="Shaders\BasicPixelShader.hlsl">
      <Filter>Shaders</Filter>
    </FxCompile>
    <FxCompile Include="Shaders\ShadowVertexShader.hlsl">
      <Filter>Shaders</Filter>
    </FxCompile>
    <None Include="Shaders\Common.hlsli">
      <Filter>Shaders</Filter>
    </None>
    <None Include="Assets\Textures\uv_checker.png">
      <Filter>Assets</Filter>
    </None>
    <None Include="Assets\Textures\bumps_normal.png">
      <Filter>Assets</Filter>
    </None>
  </ItemGroup>
</Project>
